// !$*UTF8*$!
{
	archiveVersion = 1;
	classes = {
	};
	objectVersion = 48;
	objects = {

/* Begin PBXBuildFile section */
		810579F222CB965800B3C5CA /* QuikklyScanViewManager.m in Sources */ = {isa = PBXBuildFile; fileRef = 810579F122CB965800B3C5CA /* QuikklyScanViewManager.m */; };
		81347C9120436852006C2105 /* QuikklyManager.m in Sources */ = {isa = PBXBuildFile; fileRef = 81347C8F20436852006C2105 /* QuikklyManager.m */; };
		8154D0C720AB6A91000FEEC5 /* QuikklyScanViewController.m in Sources */ = {isa = PBXBuildFile; fileRef = 8154D0C620AB6A91000FEEC5 /* QuikklyScanViewController.m */; };
		819EA3DA20AC88CD007E075C /* Quikkly.framework in Frameworks */ = {isa = PBXBuildFile; fileRef = 819EA3D920AC88CD007E075C /* Quikkly.framework */; };
		D90D44A187903E7E5E387400 /* Pods_RNQuikkly.framework in Frameworks */ = {isa = PBXBuildFile; fileRef = 692AB60124E3A2641D3DE2EE /* Pods_RNQuikkly.framework */; };
/* End PBXBuildFile section */

/* Begin PBXCopyFilesBuildPhase section */
		81347C7B20436735006C2105 /* CopyFiles */ = {
			isa = PBXCopyFilesBuildPhase;
			buildActionMask = 2147483647;
			dstPath = "include/$(PRODUCT_NAME)";
			dstSubfolderSpec = 16;
			files = (
			);
			runOnlyForDeploymentPostprocessing = 0;
		};
/* End PBXCopyFilesBuildPhase section */

/* Begin PBXFileReference section */
		692AB60124E3A2641D3DE2EE /* Pods_RNQuikkly.framework */ = {isa = PBXFileReference; explicitFileType = wrapper.framework; includeInIndex = 0; path = Pods_RNQuikkly.framework; sourceTree = BUILT_PRODUCTS_DIR; };
		810579F022CB965800B3C5CA /* QuikklyScanViewManager.h */ = {isa = PBXFileReference; fileEncoding = 4; lastKnownFileType = sourcecode.c.h; path = QuikklyScanViewManager.h; sourceTree = "<group>"; };
		810579F122CB965800B3C5CA /* QuikklyScanViewManager.m */ = {isa = PBXFileReference; fileEncoding = 4; lastKnownFileType = sourcecode.c.objc; path = QuikklyScanViewManager.m; sourceTree = "<group>"; };
		81347C7D20436735006C2105 /* libRNQuikkly.a */ = {isa = PBXFileReference; explicitFileType = archive.ar; includeInIndex = 0; path = libRNQuikkly.a; sourceTree = BUILT_PRODUCTS_DIR; };
		81347C8F20436852006C2105 /* QuikklyManager.m */ = {isa = PBXFileReference; fileEncoding = 4; lastKnownFileType = sourcecode.c.objc; path = QuikklyManager.m; sourceTree = "<group>"; };
		81347C9020436852006C2105 /* QuikklyManager.h */ = {isa = PBXFileReference; fileEncoding = 4; lastKnownFileType = sourcecode.c.h; path = QuikklyManager.h; sourceTree = "<group>"; };
		8154D0C520AB6A91000FEEC5 /* QuikklyScanViewController.h */ = {isa = PBXFileReference; lastKnownFileType = sourcecode.c.h; path = QuikklyScanViewController.h; sourceTree = "<group>"; };
		8154D0C620AB6A91000FEEC5 /* QuikklyScanViewController.m */ = {isa = PBXFileReference; lastKnownFileType = sourcecode.c.objc; path = QuikklyScanViewController.m; sourceTree = "<group>"; };
		819EA3D920AC88CD007E075C /* Quikkly.framework */ = {isa = PBXFileReference; lastKnownFileType = wrapper.framework; name = Quikkly.framework; path = ../example/ios/Pods/Quikkly/Quikkly.framework; sourceTree = "<group>"; };
		C634077E3B7D712FEE75C004 /* Pods-RNQuikkly.debug.xcconfig */ = {isa = PBXFileReference; includeInIndex = 1; lastKnownFileType = text.xcconfig; name = "Pods-RNQuikkly.debug.xcconfig"; path = "Target Support Files/Pods-RNQuikkly/Pods-RNQuikkly.debug.xcconfig"; sourceTree = "<group>"; };
		CF895358591ABB77EF940639 /* Pods-RNQuikkly.release.xcconfig */ = {isa = PBXFileReference; includeInIndex = 1; lastKnownFileType = text.xcconfig; name = "Pods-RNQuikkly.release.xcconfig"; path = "Target Support Files/Pods-RNQuikkly/Pods-RNQuikkly.release.xcconfig"; sourceTree = "<group>"; };
/* End PBXFileReference section */

/* Begin PBXFrameworksBuildPhase section */
		81347C7A20436735006C2105 /* Frameworks */ = {
			isa = PBXFrameworksBuildPhase;
			buildActionMask = 2147483647;
			files = (
				819EA3DA20AC88CD007E075C /* Quikkly.framework in Frameworks */,
				D90D44A187903E7E5E387400 /* Pods_RNQuikkly.framework in Frameworks */,
			);
			runOnlyForDeploymentPostprocessing = 0;
		};
/* End PBXFrameworksBuildPhase section */

/* Begin PBXGroup section */
		19E0CA2310CED00B5AD21226 /* Pods */ = {
			isa = PBXGroup;
			children = (
				C634077E3B7D712FEE75C004 /* Pods-RNQuikkly.debug.xcconfig */,
				CF895358591ABB77EF940639 /* Pods-RNQuikkly.release.xcconfig */,
			);
			name = Pods;
			path = Pods;
			sourceTree = "<group>";
		};
		81347C7420436735006C2105 = {
			isa = PBXGroup;
			children = (
				81347C8B20436833006C2105 /* Sources */,
				81347C8C20436838006C2105 /* Frameworks */,
				81347C7E20436735006C2105 /* Products */,
				19E0CA2310CED00B5AD21226 /* Pods */,
			);
			sourceTree = "<group>";
		};
		81347C7E20436735006C2105 /* Products */ = {
			isa = PBXGroup;
			children = (
				81347C7D20436735006C2105 /* libRNQuikkly.a */,
			);
			name = Products;
			sourceTree = "<group>";
		};
		81347C8B20436833006C2105 /* Sources */ = {
			isa = PBXGroup;
			children = (
				81347C9020436852006C2105 /* QuikklyManager.h */,
				81347C8F20436852006C2105 /* QuikklyManager.m */,
				810579F022CB965800B3C5CA /* QuikklyScanViewManager.h */,
				810579F122CB965800B3C5CA /* QuikklyScanViewManager.m */,
				8154D0C520AB6A91000FEEC5 /* QuikklyScanViewController.h */,
				8154D0C620AB6A91000FEEC5 /* QuikklyScanViewController.m */,
			);
			name = Sources;
			sourceTree = "<group>";
		};
		81347C8C20436838006C2105 /* Frameworks */ = {
			isa = PBXGroup;
			children = (
				819EA3D920AC88CD007E075C /* Quikkly.framework */,
				692AB60124E3A2641D3DE2EE /* Pods_RNQuikkly.framework */,
			);
			name = Frameworks;
			sourceTree = "<group>";
		};
/* End PBXGroup section */

/* Begin PBXNativeTarget section */
		81347C7C20436735006C2105 /* RNQuikkly */ = {
			isa = PBXNativeTarget;
			buildConfigurationList = 81347C8620436735006C2105 /* Build configuration list for PBXNativeTarget "RNQuikkly" */;
			buildPhases = (
				C62055923B023EBF97BDBADE /* [CP] Check Pods Manifest.lock */,
				81347C7920436735006C2105 /* Sources */,
				81347C7A20436735006C2105 /* Frameworks */,
				81347C7B20436735006C2105 /* CopyFiles */,
			);
			buildRules = (
			);
			dependencies = (
			);
			name = RNQuikkly;
			productName = Quikkly;
			productReference = 81347C7D20436735006C2105 /* libRNQuikkly.a */;
			productType = "com.apple.product-type.library.static";
		};
/* End PBXNativeTarget section */

/* Begin PBXProject section */
		81347C7520436735006C2105 /* Project object */ = {
			isa = PBXProject;
			attributes = {
				LastUpgradeCheck = 0930;
				ORGANIZATIONNAME = "Quikkly Limited";
				TargetAttributes = {
					81347C7C20436735006C2105 = {
						CreatedOnToolsVersion = 9.2;
						ProvisioningStyle = Automatic;
					};
				};
			};
			buildConfigurationList = 81347C7820436735006C2105 /* Build configuration list for PBXProject "Quikkly" */;
			compatibilityVersion = "Xcode 8.0";
			developmentRegion = en;
			hasScannedForEncodings = 0;
			knownRegions = (
				en,
			);
			mainGroup = 81347C7420436735006C2105;
			productRefGroup = 81347C7E20436735006C2105 /* Products */;
			projectDirPath = "";
			projectRoot = "";
			targets = (
				81347C7C20436735006C2105 /* RNQuikkly */,
			);
		};
/* End PBXProject section */

/* Begin PBXShellScriptBuildPhase section */
		C62055923B023EBF97BDBADE /* [CP] Check Pods Manifest.lock */ = {
			isa = PBXShellScriptBuildPhase;
			buildActionMask = 2147483647;
			files = (
			);
			inputFileListPaths = (
			);
			inputPaths = (
				"${PODS_PODFILE_DIR_PATH}/Podfile.lock",
				"${PODS_ROOT}/Manifest.lock",
			);
			name = "[CP] Check Pods Manifest.lock";
			outputFileListPaths = (
			);
			outputPaths = (
				"$(DERIVED_FILE_DIR)/Pods-RNQuikkly-checkManifestLockResult.txt",
			);
			runOnlyForDeploymentPostprocessing = 0;
			shellPath = /bin/sh;
			shellScript = "diff \"${PODS_PODFILE_DIR_PATH}/Podfile.lock\" \"${PODS_ROOT}/Manifest.lock\" > /dev/null\nif [ $? != 0 ] ; then\n    # print error to STDERR\n    echo \"error: The sandbox is not in sync with the Podfile.lock. Run 'pod install' or update your CocoaPods installation.\" >&2\n    exit 1\nfi\n# This output is used by Xcode 'outputs' to avoid re-running this script phase.\necho \"SUCCESS\" > \"${SCRIPT_OUTPUT_FILE_0}\"\n";
			showEnvVarsInLog = 0;
		};
/* End PBXShellScriptBuildPhase section */

/* Begin PBXSourcesBuildPhase section */
		81347C7920436735006C2105 /* Sources */ = {
			isa = PBXSourcesBuildPhase;
			buildActionMask = 2147483647;
			files = (
				8154D0C720AB6A91000FEEC5 /* QuikklyScanViewController.m in Sources */,
				81347C9120436852006C2105 /* QuikklyManager.m in Sources */,
				810579F222CB965800B3C5CA /* QuikklyScanViewManager.m in Sources */,
			);
			runOnlyForDeploymentPostprocessing = 0;
		};
/* End PBXSourcesBuildPhase section */

/* Begin XCBuildConfiguration section */
		81347C8420436735006C2105 /* Debug */ = {
			isa = XCBuildConfiguration;
			buildSettings = {
				ALWAYS_SEARCH_USER_PATHS = NO;
				CLANG_ANALYZER_NONNULL = YES;
				CLANG_ANALYZER_NUMBER_OBJECT_CONVERSION = YES_AGGRESSIVE;
				CLANG_CXX_LANGUAGE_STANDARD = "gnu++14";
				CLANG_CXX_LIBRARY = "libc++";
				CLANG_ENABLE_MODULES = YES;
				CLANG_ENABLE_OBJC_ARC = YES;
				CLANG_WARN_BLOCK_CAPTURE_AUTORELEASING = YES;
				CLANG_WARN_BOOL_CONVERSION = YES;
				CLANG_WARN_COMMA = YES;
				CLANG_WARN_CONSTANT_CONVERSION = YES;
				CLANG_WARN_DEPRECATED_OBJC_IMPLEMENTATIONS = YES;
				CLANG_WARN_DIRECT_OBJC_ISA_USAGE = YES_ERROR;
				CLANG_WARN_DOCUMENTATION_COMMENTS = YES;
				CLANG_WARN_EMPTY_BODY = YES;
				CLANG_WARN_ENUM_CONVERSION = YES;
				CLANG_WARN_INFINITE_RECURSION = YES;
				CLANG_WARN_INT_CONVERSION = YES;
				CLANG_WARN_NON_LITERAL_NULL_CONVERSION = YES;
				CLANG_WARN_OBJC_IMPLICIT_RETAIN_SELF = YES;
				CLANG_WARN_OBJC_LITERAL_CONVERSION = YES;
				CLANG_WARN_OBJC_ROOT_CLASS = YES_ERROR;
				CLANG_WARN_RANGE_LOOP_ANALYSIS = YES;
				CLANG_WARN_STRICT_PROTOTYPES = YES;
				CLANG_WARN_SUSPICIOUS_MOVE = YES;
				CLANG_WARN_UNGUARDED_AVAILABILITY = YES_AGGRESSIVE;
				CLANG_WARN_UNREACHABLE_CODE = YES;
				CLANG_WARN__DUPLICATE_METHOD_MATCH = YES;
				CODE_SIGN_IDENTITY = "iPhone Developer";
				COPY_PHASE_STRIP = NO;
				DEBUG_INFORMATION_FORMAT = dwarf;
				ENABLE_STRICT_OBJC_MSGSEND = YES;
				ENABLE_TESTABILITY = YES;
				GCC_C_LANGUAGE_STANDARD = gnu11;
				GCC_DYNAMIC_NO_PIC = NO;
				GCC_NO_COMMON_BLOCKS = YES;
				GCC_OPTIMIZATION_LEVEL = 0;
				GCC_PREPROCESSOR_DEFINITIONS = (
					"DEBUG=1",
					"$(inherited)",
				);
				GCC_WARN_64_TO_32_BIT_CONVERSION = YES;
				GCC_WARN_ABOUT_RETURN_TYPE = YES_ERROR;
				GCC_WARN_UNDECLARED_SELECTOR = YES;
				GCC_WARN_UNINITIALIZED_AUTOS = YES_AGGRESSIVE;
				GCC_WARN_UNUSED_FUNCTION = YES;
				GCC_WARN_UNUSED_VARIABLE = YES;
				IPHONEOS_DEPLOYMENT_TARGET = 11.2;
				MTL_ENABLE_DEBUG_INFO = YES;
				ONLY_ACTIVE_ARCH = YES;
				SDKROOT = iphoneos;
			};
			name = Debug;
		};
		81347C8520436735006C2105 /* Release */ = {
			isa = XCBuildConfiguration;
			buildSettings = {
				ALWAYS_SEARCH_USER_PATHS = NO;
				CLANG_ANALYZER_NONNULL = YES;
				CLANG_ANALYZER_NUMBER_OBJECT_CONVERSION = YES_AGGRESSIVE;
				CLANG_CXX_LANGUAGE_STANDARD = "gnu++14";
				CLANG_CXX_LIBRARY = "libc++";
				CLANG_ENABLE_MODULES = YES;
				CLANG_ENABLE_OBJC_ARC = YES;
				CLANG_WARN_BLOCK_CAPTURE_AUTORELEASING = YES;
				CLANG_WARN_BOOL_CONVERSION = YES;
				CLANG_WARN_COMMA = YES;
				CLANG_WARN_CONSTANT_CONVERSION = YES;
				CLANG_WARN_DEPRECATED_OBJC_IMPLEMENTATIONS = YES;
				CLANG_WARN_DIRECT_OBJC_ISA_USAGE = YES_ERROR;
				CLANG_WARN_DOCUMENTATION_COMMENTS = YES;
				CLANG_WARN_EMPTY_BODY = YES;
				CLANG_WARN_ENUM_CONVERSION = YES;
				CLANG_WARN_INFINITE_RECURSION = YES;
				CLANG_WARN_INT_CONVERSION = YES;
				CLANG_WARN_NON_LITERAL_NULL_CONVERSION = YES;
				CLANG_WARN_OBJC_IMPLICIT_RETAIN_SELF = YES;
				CLANG_WARN_OBJC_LITERAL_CONVERSION = YES;
				CLANG_WARN_OBJC_ROOT_CLASS = YES_ERROR;
				CLANG_WARN_RANGE_LOOP_ANALYSIS = YES;
				CLANG_WARN_STRICT_PROTOTYPES = YES;
				CLANG_WARN_SUSPICIOUS_MOVE = YES;
				CLANG_WARN_UNGUARDED_AVAILABILITY = YES_AGGRESSIVE;
				CLANG_WARN_UNREACHABLE_CODE = YES;
				CLANG_WARN__DUPLICATE_METHOD_MATCH = YES;
				CODE_SIGN_IDENTITY = "iPhone Developer";
				COPY_PHASE_STRIP = NO;
				DEBUG_INFORMATION_FORMAT = "dwarf-with-dsym";
				ENABLE_NS_ASSERTIONS = NO;
				ENABLE_STRICT_OBJC_MSGSEND = YES;
				GCC_C_LANGUAGE_STANDARD = gnu11;
				GCC_NO_COMMON_BLOCKS = YES;
				GCC_WARN_64_TO_32_BIT_CONVERSION = YES;
				GCC_WARN_ABOUT_RETURN_TYPE = YES_ERROR;
				GCC_WARN_UNDECLARED_SELECTOR = YES;
				GCC_WARN_UNINITIALIZED_AUTOS = YES_AGGRESSIVE;
				GCC_WARN_UNUSED_FUNCTION = YES;
				GCC_WARN_UNUSED_VARIABLE = YES;
				IPHONEOS_DEPLOYMENT_TARGET = 11.2;
				MTL_ENABLE_DEBUG_INFO = NO;
				SDKROOT = iphoneos;
				VALIDATE_PRODUCT = YES;
			};
			name = Release;
		};
		81347C8720436735006C2105 /* Debug */ = {
			isa = XCBuildConfiguration;
			baseConfigurationReference = C634077E3B7D712FEE75C004 /* Pods-RNQuikkly.debug.xcconfig */;
			buildSettings = {
				CLANG_WARN_DOCUMENTATION_COMMENTS = NO;
				FRAMEWORK_SEARCH_PATHS = (
					"$(inherited)",
					"$(PROJECT_DIR)",
					"$(PROJECT_DIR)/../../../ios/**",
				);
				HEADER_SEARCH_PATHS = "$(PROJECT_DIR)/../../../ios/**";
				IPHONEOS_DEPLOYMENT_TARGET = 8.0;
				LIBRARY_SEARCH_PATHS = "$(PROJECT_DIR)/../../../ios/**";
				OTHER_LDFLAGS = "-ObjC";
				PRODUCT_NAME = "$(TARGET_NAME)";
				SKIP_INSTALL = YES;
				TARGETED_DEVICE_FAMILY = "1,2";
				VALID_ARCHS = "arm64 armv7 armv7s x86_64 i386";
			};
			name = Debug;
		};
		81347C8820436735006C2105 /* Release */ = {
			isa = XCBuildConfiguration;
			baseConfigurationReference = CF895358591ABB77EF940639 /* Pods-RNQuikkly.release.xcconfig */;
			buildSettings = {
				CLANG_WARN_DOCUMENTATION_COMMENTS = NO;
				FRAMEWORK_SEARCH_PATHS = (
					"$(inherited)",
					"$(PROJECT_DIR)",
					"$(PROJECT_DIR)/../../../ios/**",
				);
				HEADER_SEARCH_PATHS = "$(PROJECT_DIR)/../../../ios/**";
				IPHONEOS_DEPLOYMENT_TARGET = 8.0;
				LIBRARY_SEARCH_PATHS = "$(PROJECT_DIR)/../../../ios/**";
				OTHER_LDFLAGS = "-ObjC";
				PRODUCT_NAME = "$(TARGET_NAME)";
				SKIP_INSTALL = YES;
				TARGETED_DEVICE_FAMILY = "1,2";
				VALID_ARCHS = "arm64 armv7 armv7s x86_64 i386";
			};
			name = Release;
		};
/* End XCBuildConfiguration section */

/* Begin XCConfigurationList section */
		81347C7820436735006C2105 /* Build configuration list for PBXProject "Quikkly" */ = {
			isa = XCConfigurationList;
			buildConfigurations = (
				81347C8420436735006C2105 /* Debug */,
				81347C8520436735006C2105 /* Release */,
			);
			defaultConfigurationIsVisible = 0;
			defaultConfigurationName = Release;
		};
		81347C8620436735006C2105 /* Build configuration list for PBXNativeTarget "RNQuikkly" */ = {
			isa = XCConfigurationList;
			buildConfigurations = (
				81347C8720436735006C2105 /* Debug */,
				81347C8820436735006C2105 /* Release */,
			);
			defaultConfigurationIsVisible = 0;
			defaultConfigurationName = Release;
		};
/* End XCConfigurationList section */
	};
	rootObject = 81347C7520436735006C2105 /* Project object */;
}
